Microsoft Visual Studio Solution File, Format Version 8.00
Project("{FAE04EC0-301F-11D3-BF4B-00C04F79EFBC}") = "mdna", "mdna.csproj", "{3EE2898C-CAAE-4A2A-8C2B-F05C404F14B5}"
	ProjectSection(ProjectDependencies) = postProject
	EndProjectSection
EndProject
Project("{FAE04EC0-301F-11D3-BF4B-00C04F79EFBC}") = "mdnaSettings", "mdnaSettings\mdnaSettings.csproj", "{F45BF8AA-B3CD-4404-851D-E466DB4D81F1}"
	ProjectSection(ProjectDependencies) = postProject
	EndProjectSection
EndProject
Project("{FAE04EC0-301F-11D3-BF4B-00C04F79EFBC}") = "mdnaData", "mdnaData\mdnaData.csproj", "{A06AB604-BF4E-4747-9C84-5AEA70A8417B}"
	ProjectSection(ProjectDependencies) = postProject
	EndProjectSection
EndProject
Project("{FAE04EC0-301F-11D3-BF4B-00C04F79EFBC}") = "mdnaEngine", "mdnaEngine.dll\mdnaEngine.csproj", "{291D1A98-5D71-438A-AF95-83F27FF60598}"
	ProjectSection(ProjectDependencies) = postProject
	EndProjectSection
EndProject
Global
	GlobalSection(SolutionConfiguration) = preSolution
		Debug = Debug
		Release = Release
	EndGlobalSection
	GlobalSection(ProjectConfiguration) = postSolution
		{3EE2898C-CAAE-4A2A-8C2B-F05C404F14B5}.Debug.ActiveCfg = Debug|.NET
		{3EE2898C-CAAE-4A2A-8C2B-F05C404F14B5}.Debug.Build.0 = Debug|.NET
		{3EE2898C-CAAE-4A2A-8C2B-F05C404F14B5}.Release.ActiveCfg = Release|.NET
		{3EE2898C-CAAE-4A2A-8C2B-F05C404F14B5}.Release.Build.0 = Release|.NET
		{F45BF8AA-B3CD-4404-851D-E466DB4D81F1}.Debug.ActiveCfg = Debug|.NET
		{F45BF8AA-B3CD-4404-851D-E466DB4D81F1}.Debug.Build.0 = Debug|.NET
		{F45BF8AA-B3CD-4404-851D-E466DB4D81F1}.Release.ActiveCfg = Release|.NET
		{F45BF8AA-B3CD-4404-851D-E466DB4D81F1}.Release.Build.0 = Release|.NET
		{A06AB604-BF4E-4747-9C84-5AEA70A8417B}.Debug.ActiveCfg = Debug|.NET
		{A06AB604-BF4E-4747-9C84-5AEA70A8417B}.Debug.Build.0 = Debug|.NET
		{A06AB604-BF4E-4747-9C84-5AEA70A8417B}.Release.ActiveCfg = Release|.NET
		{A06AB604-BF4E-4747-9C84-5AEA70A8417B}.Release.Build.0 = Release|.NET
		{291D1A98-5D71-438A-AF95-83F27FF60598}.Debug.ActiveCfg = Debug|.NET
		{291D1A98-5D71-438A-AF95-83F27FF60598}.Debug.Build.0 = Debug|.NET
		{291D1A98-5D71-438A-AF95-83F27FF60598}.Release.ActiveCfg = Release|.NET
		{291D1A98-5D71-438A-AF95-83F27FF60598}.Release.Build.0 = Release|.NET
	EndGlobalSection
	GlobalSection(SolutionItems) = postSolution
		oldcpp\Server.cpp = oldcpp\Server.cpp
		oldcpp\Server.h = oldcpp\Server.h
	EndGlobalSection
	GlobalSection(ExtensibilityGlobals) = postSolution
	EndGlobalSection
	GlobalSection(ExtensibilityAddIns) = postSolution
	EndGlobalSection
EndGlobal
